
Microsoft Visual Studio Solution File, Format Version 12.00
Project("{FAE04EC0-301F-11D3-BF4B-00C04F79EFBC}") = "Jezdící text", "Jezdící text\Jezdící text.csproj", "{B3188302-4AD2-4B09-B8F4-9A1EE5EE4668}"
EndProject
Global
	GlobalSection(SolutionConfigurationPlatforms) = preSolution
		Debug|Any CPU = Debug|Any CPU
		Release|Any CPU = Release|Any CPU
	EndGlobalSection
	GlobalSection(ProjectConfigurationPlatforms) = postSolution
		{B3188302-4AD2-4B09-B8F4-9A1EE5EE4668}.Debug|Any CPU.ActiveCfg = Debug|Any CPU
		{B3188302-4AD2-4B09-B8F4-9A1EE5EE4668}.Debug|Any CPU.Build.0 = Debug|Any CPU
		{B3188302-4AD2-4B09-B8F4-9A1EE5EE4668}.Release|Any CPU.ActiveCfg = Release|Any CPU
		{B3188302-4AD2-4B09-B8F4-9A1EE5EE4668}.Release|Any CPU.Build.0 = Release|Any CPU
	EndGlobalSection
EndGlobal
