
Microsoft Visual Studio Solution File, Format Version 12.00
Project("{FAE04EC0-301F-11D3-BF4B-00C04F79EFBC}") = "Práce s poli", "Práce s poli\Práce s poli.csproj", "{717D6841-DEED-4720-8ADC-9ABBE92EE4DD}"
EndProject
Global
	GlobalSection(SolutionConfigurationPlatforms) = preSolution
		Debug|Any CPU = Debug|Any CPU
		Release|Any CPU = Release|Any CPU
	EndGlobalSection
	GlobalSection(ProjectConfigurationPlatforms) = postSolution
		{717D6841-DEED-4720-8ADC-9ABBE92EE4DD}.Debug|Any CPU.ActiveCfg = Debug|Any CPU
		{717D6841-DEED-4720-8ADC-9ABBE92EE4DD}.Debug|Any CPU.Build.0 = Debug|Any CPU
		{717D6841-DEED-4720-8ADC-9ABBE92EE4DD}.Release|Any CPU.ActiveCfg = Release|Any CPU
		{717D6841-DEED-4720-8ADC-9ABBE92EE4DD}.Release|Any CPU.Build.0 = Release|Any CPU
	EndGlobalSection
EndGlobal
